
Microsoft Visual Studio Solution File, Format Version 12.00
# Visual Studio Version 16
VisualStudioVersion = 16.0.29306.81
MinimumVisualStudioVersion = 10.0.40219.1
Project("{FAE04EC0-301F-11D3-BF4B-00C04F79EFBC}") = "War3NetMPQApi", "War3NetApi\War3NetMPQApi.csproj", "{17959A8B-A898-4F7C-B1CF-C0991C1AD503}"
EndProject
Project("{9A19103F-16F7-4668-BE54-9A1E7A4F7556}") = "War3Net.IO.Mpq", "..\War3Net\src\War3Net.IO.Mpq\War3Net.IO.Mpq.csproj", "{BACE84E8-A551-4979-9D20-3BFF8493414F}"
EndProject
Global
	GlobalSection(SolutionConfigurationPlatforms) = preSolution
		Debug|Any CPU = Debug|Any CPU
		Release|Any CPU = Release|Any CPU
	EndGlobalSection
	GlobalSection(ProjectConfigurationPlatforms) = postSolution
		{17959A8B-A898-4F7C-B1CF-C0991C1AD503}.Debug|Any CPU.ActiveCfg = Debug|Any CPU
		{17959A8B-A898-4F7C-B1CF-C0991C1AD503}.Debug|Any CPU.Build.0 = Debug|Any CPU
		{17959A8B-A898-4F7C-B1CF-C0991C1AD503}.Release|Any CPU.ActiveCfg = Release|Any CPU
		{17959A8B-A898-4F7C-B1CF-C0991C1AD503}.Release|Any CPU.Build.0 = Release|Any CPU
		{BACE84E8-A551-4979-9D20-3BFF8493414F}.Debug|Any CPU.ActiveCfg = Debug|Any CPU
		{BACE84E8-A551-4979-9D20-3BFF8493414F}.Debug|Any CPU.Build.0 = Debug|Any CPU
		{BACE84E8-A551-4979-9D20-3BFF8493414F}.Release|Any CPU.ActiveCfg = Release|Any CPU
		{BACE84E8-A551-4979-9D20-3BFF8493414F}.Release|Any CPU.Build.0 = Release|Any CPU
	EndGlobalSection
	GlobalSection(SolutionProperties) = preSolution
		HideSolutionNode = FALSE
	EndGlobalSection
	GlobalSection(ExtensibilityGlobals) = postSolution
		SolutionGuid = {BAAAA8F8-7D21-4364-878A-C0898B979028}
	EndGlobalSection
EndGlobal
